# THIS IS AN AUTOGENERATED FILE. DO NOT EDIT THIS FILE DIRECTLY.
# yarn lockfile v1


"@devil7softwares/pos@^1.0.2":
  version "1.0.2"
  resolved "https://registry.yarnpkg.com/@devil7softwares/pos/-/pos-1.0.2.tgz#b6b5bf2ce0fb280771f0532a81828630ae2b7a56"
  integrity sha512-49Ke26+++Ix8C5LChi4uga7aWgMuc5zV1NqjGxXxE7DralZwe+hvUuSJmBDWS+HHZaK9rFzLNdufV4HAvvOxPA==
